Microsoft Visual Studio Solution File, Format Version 7.00
Project("{8BC9CEB8-8B4A-11D0-8D11-00A0C91BC942}") = "at_client", "at_client.vcproj", "{FAD5C5DB-12CE-4132-A4D2-2C99710ADA52}"
EndProject
Project("{8BC9CEB8-8B4A-11D0-8D11-00A0C91BC942}") = "at_server", "at_server.vcproj", "{46AF4954-4842-43FC-B112-03E5A9508AD5}"
EndProject
Project("{8BC9CEB8-8B4A-11D0-8D11-00A0C91BC942}") = "atrun", "test\AtRun\atrun.vcproj", "{6860FB95-ABE2-4D39-8DD1-C3160AD2D15C}"
EndProject
Project("{8BC9CEB8-8B4A-11D0-8D11-00A0C91BC942}") = "pt", "pt.vcproj", "{B986ED39-3C4B-4BD5-BD73-4BEFF550B4A3}"
EndProject
Project("{8BC9CEB8-8B4A-11D0-8D11-00A0C91BC942}") = "quickfix_lib", "quickfix_lib.vcproj", "{FBB567A5-153B-4B94-B041-471B95BB4C45}"
EndProject
Project("{8BC9CEB8-8B4A-11D0-8D11-00A0C91BC942}") = "ut", "ut.vcproj", "{CDF3B860-95EA-4A50-84B9-98347E240509}"
EndProject
Project("{8BC9CEB8-8B4A-11D0-8D11-00A0C91BC942}") = "quickfix_net", "src\.NET\quickfix_net.vcproj", "{FCE44FC5-2E80-4F7B-A11F-2974C0FAFC8C}"
EndProject
Global
	GlobalSection(SolutionConfiguration) = preSolution
		ConfigName.0 = Debug
		ConfigName.1 = Release
	EndGlobalSection
	GlobalSection(ProjectDependencies) = postSolution
		{FAD5C5DB-12CE-4132-A4D2-2C99710ADA52}.0 = {FBB567A5-153B-4B94-B041-471B95BB4C45}
		{46AF4954-4842-43FC-B112-03E5A9508AD5}.0 = {FBB567A5-153B-4B94-B041-471B95BB4C45}
		{6860FB95-ABE2-4D39-8DD1-C3160AD2D15C}.0 = {FAD5C5DB-12CE-4132-A4D2-2C99710ADA52}
		{6860FB95-ABE2-4D39-8DD1-C3160AD2D15C}.1 = {46AF4954-4842-43FC-B112-03E5A9508AD5}
		{6860FB95-ABE2-4D39-8DD1-C3160AD2D15C}.2 = {FBB567A5-153B-4B94-B041-471B95BB4C45}
		{B986ED39-3C4B-4BD5-BD73-4BEFF550B4A3}.0 = {FBB567A5-153B-4B94-B041-471B95BB4C45}
		{CDF3B860-95EA-4A50-84B9-98347E240509}.0 = {FBB567A5-153B-4B94-B041-471B95BB4C45}
		{FCE44FC5-2E80-4F7B-A11F-2974C0FAFC8C}.0 = {FBB567A5-153B-4B94-B041-471B95BB4C45}
	EndGlobalSection
	GlobalSection(ProjectConfiguration) = postSolution
		{FAD5C5DB-12CE-4132-A4D2-2C99710ADA52}.Debug.ActiveCfg = Debug|Win32
		{FAD5C5DB-12CE-4132-A4D2-2C99710ADA52}.Debug.Build.0 = Debug|Win32
		{FAD5C5DB-12CE-4132-A4D2-2C99710ADA52}.Release.ActiveCfg = Release|Win32
		{FAD5C5DB-12CE-4132-A4D2-2C99710ADA52}.Release.Build.0 = Release|Win32
		{46AF4954-4842-43FC-B112-03E5A9508AD5}.Debug.ActiveCfg = Debug|Win32
		{46AF4954-4842-43FC-B112-03E5A9508AD5}.Debug.Build.0 = Debug|Win32
		{46AF4954-4842-43FC-B112-03E5A9508AD5}.Release.ActiveCfg = Release|Win32
		{46AF4954-4842-43FC-B112-03E5A9508AD5}.Release.Build.0 = Release|Win32
		{6860FB95-ABE2-4D39-8DD1-C3160AD2D15C}.Debug.ActiveCfg = Debug|Win32
		{6860FB95-ABE2-4D39-8DD1-C3160AD2D15C}.Debug.Build.0 = Debug|Win32
		{6860FB95-ABE2-4D39-8DD1-C3160AD2D15C}.Release.ActiveCfg = Release|Win32
		{6860FB95-ABE2-4D39-8DD1-C3160AD2D15C}.Release.Build.0 = Release|Win32
		{B986ED39-3C4B-4BD5-BD73-4BEFF550B4A3}.Debug.ActiveCfg = Debug|Win32
		{B986ED39-3C4B-4BD5-BD73-4BEFF550B4A3}.Debug.Build.0 = Debug|Win32
		{B986ED39-3C4B-4BD5-BD73-4BEFF550B4A3}.Release.ActiveCfg = Release|Win32
		{B986ED39-3C4B-4BD5-BD73-4BEFF550B4A3}.Release.Build.0 = Release|Win32
		{FBB567A5-153B-4B94-B041-471B95BB4C45}.Debug.ActiveCfg = Debug|Win32
		{FBB567A5-153B-4B94-B041-471B95BB4C45}.Debug.Build.0 = Debug|Win32
		{FBB567A5-153B-4B94-B041-471B95BB4C45}.Release.ActiveCfg = Release|Win32
		{FBB567A5-153B-4B94-B041-471B95BB4C45}.Release.Build.0 = Release|Win32
		{CDF3B860-95EA-4A50-84B9-98347E240509}.Debug.ActiveCfg = Debug|Win32
		{CDF3B860-95EA-4A50-84B9-98347E240509}.Debug.Build.0 = Debug|Win32
		{CDF3B860-95EA-4A50-84B9-98347E240509}.Release.ActiveCfg = Release|Win32
		{CDF3B860-95EA-4A50-84B9-98347E240509}.Release.Build.0 = Release|Win32
		{FCE44FC5-2E80-4F7B-A11F-2974C0FAFC8C}.Debug.ActiveCfg = Debug|Win32
		{FCE44FC5-2E80-4F7B-A11F-2974C0FAFC8C}.Debug.Build.0 = Debug|Win32
		{FCE44FC5-2E80-4F7B-A11F-2974C0FAFC8C}.Release.ActiveCfg = Release|Win32
		{FCE44FC5-2E80-4F7B-A11F-2974C0FAFC8C}.Release.Build.0 = Release|Win32
	EndGlobalSection
	GlobalSection(ExtensibilityGlobals) = postSolution
	EndGlobalSection
	GlobalSection(ExtensibilityAddIns) = postSolution
	EndGlobalSection
EndGlobal
