<?xml version="1.0" encoding="utf-8"?>
<Project ToolsVersion="4.0" xmlns="http://schemas.microsoft.com/developer/msbuild/2003">
  <ItemGroup>
    <Filter Include="Source Files">
      <UniqueIdentifier>{3b33e87e-4d7c-4c4e-b4ef-4104b91d2f8b}</UniqueIdentifier>
      <Extensions>cpp;c;cxx;rc;def;r;odl;idl;hpj;bat</Extensions>
    </Filter>
    <Filter Include="Source Files\bpm">
      <UniqueIdentifier>{6f2978ca-d968-48dc-84a9-2b6f8019c68f}</UniqueIdentifier>
    </Filter>
    <Filter Include="Header Files">
      <UniqueIdentifier>{32b330ef-6698-4e54-93cb-e41b6bbc0200}</UniqueIdentifier>
      <Extensions>h;hpp;hxx;hm;inl</Extensions>
    </Filter>
  </ItemGroup>
  <ItemGroup>
    <ClCompile Include="BPMDetect.cpp">
      <Filter>Source Files\bpm</Filter>
    </ClCompile>
    <ClCompile Include="PeakFinder.cpp">
      <Filter>Source Files\bpm</Filter>
    </ClCompile>
    <ClCompile Include="3dnow_win.cpp">
      <Filter>Source Files</Filter>
    </ClCompile>
    <ClCompile Include="AAFilter.cpp">
      <Filter>Source Files</Filter>
    </ClCompile>
    <ClCompile Include="cpu_detect_x86_win.cpp">
      <Filter>Source Files</Filter>
    </ClCompile>
    <ClCompile Include="FIFOSampleBuffer.cpp">
      <Filter>Source Files</Filter>
    </ClCompile>
    <ClCompile Include="FIRFilter.cpp">
      <Filter>Source Files</Filter>
    </ClCompile>
    <ClCompile Include="mmx_optimized.cpp">
      <Filter>Source Files</Filter>
    </ClCompile>
    <ClCompile Include="RateTransposer.cpp">
      <Filter>Source Files</Filter>
    </ClCompile>
    <ClCompile Include="SoundTouch.cpp">
      <Filter>Source Files</Filter>
    </ClCompile>
    <ClCompile Include="sse_optimized.cpp">
      <Filter>Source Files</Filter>
    </ClCompile>
    <ClCompile Include="TDStretch.cpp">
      <Filter>Source Files</Filter>
    </ClCompile>
  </ItemGroup>
  <ItemGroup>
    <ClInclude Include="AAFilter.h">
      <Filter>Header Files</Filter>
    </ClInclude>
    <ClInclude Include="cpu_detect.h">
      <Filter>Header Files</Filter>
    </ClInclude>
    <ClInclude Include="..\..\include\FIFOSampleBuffer.h">
      <Filter>Header Files</Filter>
    </ClInclude>
    <ClInclude Include="..\..\include\FIFOSamplePipe.h">
      <Filter>Header Files</Filter>
    </ClInclude>
    <ClInclude Include="FIRFilter.h">
      <Filter>Header Files</Filter>
    </ClInclude>
    <ClInclude Include="RateTransposer.h">
      <Filter>Header Files</Filter>
    </ClInclude>
    <ClInclude Include="..\..\include\SoundTouch.h">
      <Filter>Header Files</Filter>
    </ClInclude>
    <ClInclude Include="..\..\include\STTypes.h">
      <Filter>Header Files</Filter>
    </ClInclude>
    <ClInclude Include="TDStretch.h">
      <Filter>Header Files</Filter>
    </ClInclude>
  </ItemGroup>
</Project>